
Microsoft Visual Studio Solution File, Format Version 12.00
# Visual Studio Version 16
VisualStudioVersion = 16.0.30907.101
MinimumVisualStudioVersion = 10.0.40219.1
Project("{FAE04EC0-301F-11D3-BF4B-00C04F79EFBC}") = "Profile-List", "Profile-List\Profile-List.csproj", "{54E9C58C-D7DF-45BC-9C3F-6AF8A88BE02D}"
EndProject
Global
	GlobalSection(SolutionConfigurationPlatforms) = preSolution
		Debug|Any CPU = Debug|Any CPU
		Release|Any CPU = Release|Any CPU
	EndGlobalSection
	GlobalSection(ProjectConfigurationPlatforms) = postSolution
		{54E9C58C-D7DF-45BC-9C3F-6AF8A88BE02D}.Debug|Any CPU.ActiveCfg = Debug|Any CPU
		{54E9C58C-D7DF-45BC-9C3F-6AF8A88BE02D}.Debug|Any CPU.Build.0 = Debug|Any CPU
		{54E9C58C-D7DF-45BC-9C3F-6AF8A88BE02D}.Release|Any CPU.ActiveCfg = Release|Any CPU
		{54E9C58C-D7DF-45BC-9C3F-6AF8A88BE02D}.Release|Any CPU.Build.0 = Release|Any CPU
	EndGlobalSection
	GlobalSection(SolutionProperties) = preSolution
		HideSolutionNode = FALSE
	EndGlobalSection
	GlobalSection(ExtensibilityGlobals) = postSolution
		SolutionGuid = {1F611D48-9D02-42C1-93C7-4B1664CAE078}
	EndGlobalSection
EndGlobal
